
Microsoft Visual Studio Solution File, Format Version 12.00
# Visual Studio Version 16
VisualStudioVersion = 16.0.30114.105
MinimumVisualStudioVersion = 10.0.40219.1
Project("{2150E333-8FDC-42A3-9474-1A3956D46DE8}") = "Behavioral", "Behavioral", "{7964CDA9-C5BB-4166-B24F-6344197D8B23}"
EndProject
Project("{FAE04EC0-301F-11D3-BF4B-00C04F79EFBC}") = "ChainOfResponsibility", "Behavioral\ChainOfResponsibility\ChainOfResponsibility.csproj", "{03062FF5-A3F1-4FA7-9618-7D402CB2FE5B}"
EndProject
Project("{FAE04EC0-301F-11D3-BF4B-00C04F79EFBC}") = "Command", "Behavioral\Command\Command.csproj", "{E2BF61B9-BFC9-43A6-9708-51B3586E0D7C}"
EndProject
Project("{FAE04EC0-301F-11D3-BF4B-00C04F79EFBC}") = "Iterator", "Behavioral\Iterator\Iterator.csproj", "{C02CBEDA-E2F4-4369-B35C-40F62F750675}"
EndProject
Project("{FAE04EC0-301F-11D3-BF4B-00C04F79EFBC}") = "Mediator", "Behavioral\Mediator\Mediator.csproj", "{4258FA82-16CC-432D-A22B-21DECE512FBE}"
EndProject
Project("{FAE04EC0-301F-11D3-BF4B-00C04F79EFBC}") = "Memento", "Behavioral\Memento\Memento.csproj", "{3E50C898-68C3-43FA-93CB-3C0034DE27A2}"
EndProject
Project("{FAE04EC0-301F-11D3-BF4B-00C04F79EFBC}") = "Observer", "Behavioral\Observer\Observer.csproj", "{BBA3726B-542F-4663-AD12-8DB378902370}"
EndProject
Project("{FAE04EC0-301F-11D3-BF4B-00C04F79EFBC}") = "State", "Behavioral\State\State.csproj", "{0A315726-50DE-4C4C-865A-25E6A69007B3}"
EndProject
Project("{FAE04EC0-301F-11D3-BF4B-00C04F79EFBC}") = "Strategy", "Behavioral\Strategy\Strategy.csproj", "{924E0621-9D2B-4D7E-90A3-136B1578EFBC}"
EndProject
Project("{FAE04EC0-301F-11D3-BF4B-00C04F79EFBC}") = "TemplateMethod", "Behavioral\TemplateMethod\TemplateMethod.csproj", "{3F355C1F-4462-4677-882D-DB7A65444A91}"
EndProject
Project("{FAE04EC0-301F-11D3-BF4B-00C04F79EFBC}") = "Visitor", "Behavioral\Visitor\Visitor.csproj", "{756C6F58-D68B-4BF4-A3D7-00F4ABE865CD}"
EndProject
Project("{2150E333-8FDC-42A3-9474-1A3956D46DE8}") = "Creational", "Creational", "{FEC58596-782C-4967-BFB8-213392F3F77D}"
EndProject
Project("{FAE04EC0-301F-11D3-BF4B-00C04F79EFBC}") = "AbstractFactory", "Creational\AbstractFactory\AbstractFactory.csproj", "{484D7D88-C4F9-4ACB-8BF0-1E63402135D7}"
EndProject
Project("{FAE04EC0-301F-11D3-BF4B-00C04F79EFBC}") = "Builder", "Creational\Builder\Builder.csproj", "{55C92A3B-19DA-4DA1-BFE7-EE34261C2BB4}"
EndProject
Project("{FAE04EC0-301F-11D3-BF4B-00C04F79EFBC}") = "FactoryMethod", "Creational\FactoryMethod\FactoryMethod.csproj", "{2225AF8A-7F9E-440F-BD45-2C332945CCF4}"
EndProject
Project("{FAE04EC0-301F-11D3-BF4B-00C04F79EFBC}") = "Prototype", "Creational\Prototype\Prototype.csproj", "{8044A0A1-9901-422C-AFD4-DDE996C0C4C5}"
EndProject
Project("{FAE04EC0-301F-11D3-BF4B-00C04F79EFBC}") = "Singleton", "Creational\Singleton\Singleton.csproj", "{4FBEBF6E-312C-48B7-A05A-5FE1ACC883E6}"
EndProject
Project("{2150E333-8FDC-42A3-9474-1A3956D46DE8}") = "Structural", "Structural", "{13BCB66C-22FD-402E-A795-90E8E2D6A9AB}"
EndProject
Project("{FAE04EC0-301F-11D3-BF4B-00C04F79EFBC}") = "Adapter", "Structural\Adapter\Adapter.csproj", "{D54F348B-AF33-44AC-BE0D-0601A84742D2}"
EndProject
Project("{FAE04EC0-301F-11D3-BF4B-00C04F79EFBC}") = "Bridge", "Structural\Bridge\Bridge.csproj", "{3A17DE40-9495-4543-A449-EC309C421033}"
EndProject
Project("{FAE04EC0-301F-11D3-BF4B-00C04F79EFBC}") = "Composite", "Structural\Composite\Composite.csproj", "{ADC315E2-CA4D-48C0-806C-2D28FE3FADBC}"
EndProject
Project("{FAE04EC0-301F-11D3-BF4B-00C04F79EFBC}") = "Decorator", "Structural\Decorator\Decorator.csproj", "{0E022892-7439-4981-B45A-6EFF560F366F}"
EndProject
Project("{FAE04EC0-301F-11D3-BF4B-00C04F79EFBC}") = "Facade", "Structural\Facade\Facade.csproj", "{F3EE73FD-C01E-4452-9CEB-DDFB2C33E3B0}"
EndProject
Project("{FAE04EC0-301F-11D3-BF4B-00C04F79EFBC}") = "Flyweight", "Structural\Flyweight\Flyweight.csproj", "{698AF5EF-7847-40EB-A239-04906B501198}"
EndProject
Project("{FAE04EC0-301F-11D3-BF4B-00C04F79EFBC}") = "Proxy", "Structural\Proxy\Proxy.csproj", "{70715D65-0F94-4448-B0F6-B5AC143D1EF5}"
EndProject
Global
	GlobalSection(SolutionConfigurationPlatforms) = preSolution
		Debug|Any CPU = Debug|Any CPU
		Release|Any CPU = Release|Any CPU
	EndGlobalSection
	GlobalSection(SolutionProperties) = preSolution
		HideSolutionNode = FALSE
	EndGlobalSection
	GlobalSection(ProjectConfigurationPlatforms) = postSolution
		{03062FF5-A3F1-4FA7-9618-7D402CB2FE5B}.Debug|Any CPU.ActiveCfg = Debug|Any CPU
		{03062FF5-A3F1-4FA7-9618-7D402CB2FE5B}.Debug|Any CPU.Build.0 = Debug|Any CPU
		{03062FF5-A3F1-4FA7-9618-7D402CB2FE5B}.Release|Any CPU.ActiveCfg = Release|Any CPU
		{03062FF5-A3F1-4FA7-9618-7D402CB2FE5B}.Release|Any CPU.Build.0 = Release|Any CPU
		{E2BF61B9-BFC9-43A6-9708-51B3586E0D7C}.Debug|Any CPU.ActiveCfg = Debug|Any CPU
		{E2BF61B9-BFC9-43A6-9708-51B3586E0D7C}.Debug|Any CPU.Build.0 = Debug|Any CPU
		{E2BF61B9-BFC9-43A6-9708-51B3586E0D7C}.Release|Any CPU.ActiveCfg = Release|Any CPU
		{E2BF61B9-BFC9-43A6-9708-51B3586E0D7C}.Release|Any CPU.Build.0 = Release|Any CPU
		{C02CBEDA-E2F4-4369-B35C-40F62F750675}.Debug|Any CPU.ActiveCfg = Debug|Any CPU
		{C02CBEDA-E2F4-4369-B35C-40F62F750675}.Debug|Any CPU.Build.0 = Debug|Any CPU
		{C02CBEDA-E2F4-4369-B35C-40F62F750675}.Release|Any CPU.ActiveCfg = Release|Any CPU
		{C02CBEDA-E2F4-4369-B35C-40F62F750675}.Release|Any CPU.Build.0 = Release|Any CPU
		{4258FA82-16CC-432D-A22B-21DECE512FBE}.Debug|Any CPU.ActiveCfg = Debug|Any CPU
		{4258FA82-16CC-432D-A22B-21DECE512FBE}.Debug|Any CPU.Build.0 = Debug|Any CPU
		{4258FA82-16CC-432D-A22B-21DECE512FBE}.Release|Any CPU.ActiveCfg = Release|Any CPU
		{4258FA82-16CC-432D-A22B-21DECE512FBE}.Release|Any CPU.Build.0 = Release|Any CPU
		{3E50C898-68C3-43FA-93CB-3C0034DE27A2}.Debug|Any CPU.ActiveCfg = Debug|Any CPU
		{3E50C898-68C3-43FA-93CB-3C0034DE27A2}.Debug|Any CPU.Build.0 = Debug|Any CPU
		{3E50C898-68C3-43FA-93CB-3C0034DE27A2}.Release|Any CPU.ActiveCfg = Release|Any CPU
		{3E50C898-68C3-43FA-93CB-3C0034DE27A2}.Release|Any CPU.Build.0 = Release|Any CPU
		{BBA3726B-542F-4663-AD12-8DB378902370}.Debug|Any CPU.ActiveCfg = Debug|Any CPU
		{BBA3726B-542F-4663-AD12-8DB378902370}.Debug|Any CPU.Build.0 = Debug|Any CPU
		{BBA3726B-542F-4663-AD12-8DB378902370}.Release|Any CPU.ActiveCfg = Release|Any CPU
		{BBA3726B-542F-4663-AD12-8DB378902370}.Release|Any CPU.Build.0 = Release|Any CPU
		{0A315726-50DE-4C4C-865A-25E6A69007B3}.Debug|Any CPU.ActiveCfg = Debug|Any CPU
		{0A315726-50DE-4C4C-865A-25E6A69007B3}.Debug|Any CPU.Build.0 = Debug|Any CPU
		{0A315726-50DE-4C4C-865A-25E6A69007B3}.Release|Any CPU.ActiveCfg = Release|Any CPU
		{0A315726-50DE-4C4C-865A-25E6A69007B3}.Release|Any CPU.Build.0 = Release|Any CPU
		{924E0621-9D2B-4D7E-90A3-136B1578EFBC}.Debug|Any CPU.ActiveCfg = Debug|Any CPU
		{924E0621-9D2B-4D7E-90A3-136B1578EFBC}.Debug|Any CPU.Build.0 = Debug|Any CPU
		{924E0621-9D2B-4D7E-90A3-136B1578EFBC}.Release|Any CPU.ActiveCfg = Release|Any CPU
		{924E0621-9D2B-4D7E-90A3-136B1578EFBC}.Release|Any CPU.Build.0 = Release|Any CPU
		{3F355C1F-4462-4677-882D-DB7A65444A91}.Debug|Any CPU.ActiveCfg = Debug|Any CPU
		{3F355C1F-4462-4677-882D-DB7A65444A91}.Debug|Any CPU.Build.0 = Debug|Any CPU
		{3F355C1F-4462-4677-882D-DB7A65444A91}.Release|Any CPU.ActiveCfg = Release|Any CPU
		{3F355C1F-4462-4677-882D-DB7A65444A91}.Release|Any CPU.Build.0 = Release|Any CPU
		{756C6F58-D68B-4BF4-A3D7-00F4ABE865CD}.Debug|Any CPU.ActiveCfg = Debug|Any CPU
		{756C6F58-D68B-4BF4-A3D7-00F4ABE865CD}.Debug|Any CPU.Build.0 = Debug|Any CPU
		{756C6F58-D68B-4BF4-A3D7-00F4ABE865CD}.Release|Any CPU.ActiveCfg = Release|Any CPU
		{756C6F58-D68B-4BF4-A3D7-00F4ABE865CD}.Release|Any CPU.Build.0 = Release|Any CPU
		{484D7D88-C4F9-4ACB-8BF0-1E63402135D7}.Debug|Any CPU.ActiveCfg = Debug|Any CPU
		{484D7D88-C4F9-4ACB-8BF0-1E63402135D7}.Debug|Any CPU.Build.0 = Debug|Any CPU
		{484D7D88-C4F9-4ACB-8BF0-1E63402135D7}.Release|Any CPU.ActiveCfg = Release|Any CPU
		{484D7D88-C4F9-4ACB-8BF0-1E63402135D7}.Release|Any CPU.Build.0 = Release|Any CPU
		{55C92A3B-19DA-4DA1-BFE7-EE34261C2BB4}.Debug|Any CPU.ActiveCfg = Debug|Any CPU
		{55C92A3B-19DA-4DA1-BFE7-EE34261C2BB4}.Debug|Any CPU.Build.0 = Debug|Any CPU
		{55C92A3B-19DA-4DA1-BFE7-EE34261C2BB4}.Release|Any CPU.ActiveCfg = Release|Any CPU
		{55C92A3B-19DA-4DA1-BFE7-EE34261C2BB4}.Release|Any CPU.Build.0 = Release|Any CPU
		{2225AF8A-7F9E-440F-BD45-2C332945CCF4}.Debug|Any CPU.ActiveCfg = Debug|Any CPU
		{2225AF8A-7F9E-440F-BD45-2C332945CCF4}.Debug|Any CPU.Build.0 = Debug|Any CPU
		{2225AF8A-7F9E-440F-BD45-2C332945CCF4}.Release|Any CPU.ActiveCfg = Release|Any CPU
		{2225AF8A-7F9E-440F-BD45-2C332945CCF4}.Release|Any CPU.Build.0 = Release|Any CPU
		{8044A0A1-9901-422C-AFD4-DDE996C0C4C5}.Debug|Any CPU.ActiveCfg = Debug|Any CPU
		{8044A0A1-9901-422C-AFD4-DDE996C0C4C5}.Debug|Any CPU.Build.0 = Debug|Any CPU
		{8044A0A1-9901-422C-AFD4-DDE996C0C4C5}.Release|Any CPU.ActiveCfg = Release|Any CPU
		{8044A0A1-9901-422C-AFD4-DDE996C0C4C5}.Release|Any CPU.Build.0 = Release|Any CPU
		{4FBEBF6E-312C-48B7-A05A-5FE1ACC883E6}.Debug|Any CPU.ActiveCfg = Debug|Any CPU
		{4FBEBF6E-312C-48B7-A05A-5FE1ACC883E6}.Debug|Any CPU.Build.0 = Debug|Any CPU
		{4FBEBF6E-312C-48B7-A05A-5FE1ACC883E6}.Release|Any CPU.ActiveCfg = Release|Any CPU
		{4FBEBF6E-312C-48B7-A05A-5FE1ACC883E6}.Release|Any CPU.Build.0 = Release|Any CPU
		{D54F348B-AF33-44AC-BE0D-0601A84742D2}.Debug|Any CPU.ActiveCfg = Debug|Any CPU
		{D54F348B-AF33-44AC-BE0D-0601A84742D2}.Debug|Any CPU.Build.0 = Debug|Any CPU
		{D54F348B-AF33-44AC-BE0D-0601A84742D2}.Release|Any CPU.ActiveCfg = Release|Any CPU
		{D54F348B-AF33-44AC-BE0D-0601A84742D2}.Release|Any CPU.Build.0 = Release|Any CPU
		{3A17DE40-9495-4543-A449-EC309C421033}.Debug|Any CPU.ActiveCfg = Debug|Any CPU
		{3A17DE40-9495-4543-A449-EC309C421033}.Debug|Any CPU.Build.0 = Debug|Any CPU
		{3A17DE40-9495-4543-A449-EC309C421033}.Release|Any CPU.ActiveCfg = Release|Any CPU
		{3A17DE40-9495-4543-A449-EC309C421033}.Release|Any CPU.Build.0 = Release|Any CPU
		{ADC315E2-CA4D-48C0-806C-2D28FE3FADBC}.Debug|Any CPU.ActiveCfg = Debug|Any CPU
		{ADC315E2-CA4D-48C0-806C-2D28FE3FADBC}.Debug|Any CPU.Build.0 = Debug|Any CPU
		{ADC315E2-CA4D-48C0-806C-2D28FE3FADBC}.Release|Any CPU.ActiveCfg = Release|Any CPU
		{ADC315E2-CA4D-48C0-806C-2D28FE3FADBC}.Release|Any CPU.Build.0 = Release|Any CPU
		{0E022892-7439-4981-B45A-6EFF560F366F}.Debug|Any CPU.ActiveCfg = Debug|Any CPU
		{0E022892-7439-4981-B45A-6EFF560F366F}.Debug|Any CPU.Build.0 = Debug|Any CPU
		{0E022892-7439-4981-B45A-6EFF560F366F}.Release|Any CPU.ActiveCfg = Release|Any CPU
		{0E022892-7439-4981-B45A-6EFF560F366F}.Release|Any CPU.Build.0 = Release|Any CPU
		{F3EE73FD-C01E-4452-9CEB-DDFB2C33E3B0}.Debug|Any CPU.ActiveCfg = Debug|Any CPU
		{F3EE73FD-C01E-4452-9CEB-DDFB2C33E3B0}.Debug|Any CPU.Build.0 = Debug|Any CPU
		{F3EE73FD-C01E-4452-9CEB-DDFB2C33E3B0}.Release|Any CPU.ActiveCfg = Release|Any CPU
		{F3EE73FD-C01E-4452-9CEB-DDFB2C33E3B0}.Release|Any CPU.Build.0 = Release|Any CPU
		{698AF5EF-7847-40EB-A239-04906B501198}.Debug|Any CPU.ActiveCfg = Debug|Any CPU
		{698AF5EF-7847-40EB-A239-04906B501198}.Debug|Any CPU.Build.0 = Debug|Any CPU
		{698AF5EF-7847-40EB-A239-04906B501198}.Release|Any CPU.ActiveCfg = Release|Any CPU
		{698AF5EF-7847-40EB-A239-04906B501198}.Release|Any CPU.Build.0 = Release|Any CPU
		{70715D65-0F94-4448-B0F6-B5AC143D1EF5}.Debug|Any CPU.ActiveCfg = Debug|Any CPU
		{70715D65-0F94-4448-B0F6-B5AC143D1EF5}.Debug|Any CPU.Build.0 = Debug|Any CPU
		{70715D65-0F94-4448-B0F6-B5AC143D1EF5}.Release|Any CPU.ActiveCfg = Release|Any CPU
		{70715D65-0F94-4448-B0F6-B5AC143D1EF5}.Release|Any CPU.Build.0 = Release|Any CPU
	EndGlobalSection
	GlobalSection(NestedProjects) = preSolution
		{03062FF5-A3F1-4FA7-9618-7D402CB2FE5B} = {7964CDA9-C5BB-4166-B24F-6344197D8B23}
		{E2BF61B9-BFC9-43A6-9708-51B3586E0D7C} = {7964CDA9-C5BB-4166-B24F-6344197D8B23}
		{C02CBEDA-E2F4-4369-B35C-40F62F750675} = {7964CDA9-C5BB-4166-B24F-6344197D8B23}
		{4258FA82-16CC-432D-A22B-21DECE512FBE} = {7964CDA9-C5BB-4166-B24F-6344197D8B23}
		{3E50C898-68C3-43FA-93CB-3C0034DE27A2} = {7964CDA9-C5BB-4166-B24F-6344197D8B23}
		{BBA3726B-542F-4663-AD12-8DB378902370} = {7964CDA9-C5BB-4166-B24F-6344197D8B23}
		{0A315726-50DE-4C4C-865A-25E6A69007B3} = {7964CDA9-C5BB-4166-B24F-6344197D8B23}
		{924E0621-9D2B-4D7E-90A3-136B1578EFBC} = {7964CDA9-C5BB-4166-B24F-6344197D8B23}
		{3F355C1F-4462-4677-882D-DB7A65444A91} = {7964CDA9-C5BB-4166-B24F-6344197D8B23}
		{756C6F58-D68B-4BF4-A3D7-00F4ABE865CD} = {7964CDA9-C5BB-4166-B24F-6344197D8B23}
		{484D7D88-C4F9-4ACB-8BF0-1E63402135D7} = {FEC58596-782C-4967-BFB8-213392F3F77D}
		{55C92A3B-19DA-4DA1-BFE7-EE34261C2BB4} = {FEC58596-782C-4967-BFB8-213392F3F77D}
		{2225AF8A-7F9E-440F-BD45-2C332945CCF4} = {FEC58596-782C-4967-BFB8-213392F3F77D}
		{8044A0A1-9901-422C-AFD4-DDE996C0C4C5} = {FEC58596-782C-4967-BFB8-213392F3F77D}
		{4FBEBF6E-312C-48B7-A05A-5FE1ACC883E6} = {FEC58596-782C-4967-BFB8-213392F3F77D}
		{D54F348B-AF33-44AC-BE0D-0601A84742D2} = {13BCB66C-22FD-402E-A795-90E8E2D6A9AB}
		{3A17DE40-9495-4543-A449-EC309C421033} = {13BCB66C-22FD-402E-A795-90E8E2D6A9AB}
		{ADC315E2-CA4D-48C0-806C-2D28FE3FADBC} = {13BCB66C-22FD-402E-A795-90E8E2D6A9AB}
		{0E022892-7439-4981-B45A-6EFF560F366F} = {13BCB66C-22FD-402E-A795-90E8E2D6A9AB}
		{F3EE73FD-C01E-4452-9CEB-DDFB2C33E3B0} = {13BCB66C-22FD-402E-A795-90E8E2D6A9AB}
		{698AF5EF-7847-40EB-A239-04906B501198} = {13BCB66C-22FD-402E-A795-90E8E2D6A9AB}
		{70715D65-0F94-4448-B0F6-B5AC143D1EF5} = {13BCB66C-22FD-402E-A795-90E8E2D6A9AB}
	EndGlobalSection
EndGlobal
